
Microsoft Visual Studio Solution File, Format Version 12.00
# Visual Studio Version 17
VisualStudioVersion = 17.14.36717.8
MinimumVisualStudioVersion = 10.0.40219.1
Project("{FAE04EC0-301F-11D3-BF4B-00C04F79EFBC}") = "Kursach-CorpHubPortal", "Kursach-CorpHubPortal.csproj", "{965A91AA-B837-4CDA-8521-97F664C2BE56}"
EndProject
Global
	GlobalSection(SolutionConfigurationPlatforms) = preSolution
		Debug|Any CPU = Debug|Any CPU
		Release|Any CPU = Release|Any CPU
	EndGlobalSection
	GlobalSection(ProjectConfigurationPlatforms) = postSolution
		{965A91AA-B837-4CDA-8521-97F664C2BE56}.Debug|Any CPU.ActiveCfg = Debug|Any CPU
		{965A91AA-B837-4CDA-8521-97F664C2BE56}.Debug|Any CPU.Build.0 = Debug|Any CPU
		{965A91AA-B837-4CDA-8521-97F664C2BE56}.Release|Any CPU.ActiveCfg = Release|Any CPU
		{965A91AA-B837-4CDA-8521-97F664C2BE56}.Release|Any CPU.Build.0 = Release|Any CPU
	EndGlobalSection
	GlobalSection(SolutionProperties) = preSolution
		HideSolutionNode = FALSE
	EndGlobalSection
	GlobalSection(ExtensibilityGlobals) = postSolution
		SolutionGuid = {FDB60B87-FE31-4B78-A91F-9EA835D1F3EC}
	EndGlobalSection
EndGlobal
